
Microsoft Visual Studio Solution File, Format Version 12.00
# Visual Studio Version 17
VisualStudioVersion = 17.5.33516.290
MinimumVisualStudioVersion = 10.0.40219.1
Project("{FAE04EC0-301F-11D3-BF4B-00C04F79EFBC}") = "Ejercicio 4", "Ejercicio 4.csproj", "{FD563094-DEA5-42AC-824B-BBCD35F99931}"
EndProject
Global
	GlobalSection(SolutionConfigurationPlatforms) = preSolution
		Debug|Any CPU = Debug|Any CPU
		Release|Any CPU = Release|Any CPU
	EndGlobalSection
	GlobalSection(ProjectConfigurationPlatforms) = postSolution
		{FD563094-DEA5-42AC-824B-BBCD35F99931}.Debug|Any CPU.ActiveCfg = Debug|Any CPU
		{FD563094-DEA5-42AC-824B-BBCD35F99931}.Debug|Any CPU.Build.0 = Debug|Any CPU
		{FD563094-DEA5-42AC-824B-BBCD35F99931}.Release|Any CPU.ActiveCfg = Release|Any CPU
		{FD563094-DEA5-42AC-824B-BBCD35F99931}.Release|Any CPU.Build.0 = Release|Any CPU
	EndGlobalSection
	GlobalSection(SolutionProperties) = preSolution
		HideSolutionNode = FALSE
	EndGlobalSection
	GlobalSection(ExtensibilityGlobals) = postSolution
		SolutionGuid = {E123DAE2-0192-4289-BB1B-2442FDF4DEDB}
	EndGlobalSection
EndGlobal
