
Microsoft Visual Studio Solution File, Format Version 12.00
# Visual Studio Version 17
VisualStudioVersion = 17.5.33516.290
MinimumVisualStudioVersion = 10.0.40219.1
Project("{FAE04EC0-301F-11D3-BF4B-00C04F79EFBC}") = "Ejercicio Nº9", "Ejercicio Nº9.csproj", "{84B6F195-8FDC-415C-AAE7-960788B3261B}"
EndProject
Global
	GlobalSection(SolutionConfigurationPlatforms) = preSolution
		Debug|Any CPU = Debug|Any CPU
		Release|Any CPU = Release|Any CPU
	EndGlobalSection
	GlobalSection(ProjectConfigurationPlatforms) = postSolution
		{84B6F195-8FDC-415C-AAE7-960788B3261B}.Debug|Any CPU.ActiveCfg = Debug|Any CPU
		{84B6F195-8FDC-415C-AAE7-960788B3261B}.Debug|Any CPU.Build.0 = Debug|Any CPU
		{84B6F195-8FDC-415C-AAE7-960788B3261B}.Release|Any CPU.ActiveCfg = Release|Any CPU
		{84B6F195-8FDC-415C-AAE7-960788B3261B}.Release|Any CPU.Build.0 = Release|Any CPU
	EndGlobalSection
	GlobalSection(SolutionProperties) = preSolution
		HideSolutionNode = FALSE
	EndGlobalSection
	GlobalSection(ExtensibilityGlobals) = postSolution
		SolutionGuid = {141386A2-4D88-44F1-9414-BF6E6211BEBD}
	EndGlobalSection
EndGlobal
